{
  "requires": true,
  "lockfileVersion": 1,
  "dependencies": {
    "ffun": {
      "version": "2019.3.22",
      "resolved": "https://registry.npmjs.org/ffun/-/ffun-2019.3.22.tgz",
      "integrity": "sha512-HvFICn2qjjZHeF5idbdfpEEbUG8J5Kl+EiTCJhYlJrqqRvkjktO5tr4eNq1VLTqdUAiTfpqJoKYB/ygTmoap8A=="
    },
    "nano-module": {
      "version": "2019.3.1",
      "resolved": "https://registry.npmjs.org/nano-module/-/nano-module-2019.3.1.tgz",
      "integrity": "sha512-kJhTDqYaPj2blloCUXcOsOFtXn7C5iKZoBkKrgqh3pa9oTWvjz1tFAMbayl5tE1iCjWep/3QWoje6guquAsXOw==",
      "requires": {
        "ffun": "^2019.3.2"
      }
    },
    "t3st": {
      "version": "2019.3.20",
      "resolved": "https://registry.npmjs.org/t3st/-/t3st-2019.3.20.tgz",
      "integrity": "sha512-bx2hHCK8rriPeQeJrTWr/lAyKRQ9nzxMdb6uxzDXieDP5dUtPQR/R5wG/H+kDV/uv+O1MAwuT5m9UfHE6hwQMA==",
      "dev": true
    }
  }
}
